
Microsoft Visual Studio Solution File, Format Version 12.00
# Visual Studio 15
VisualStudioVersion = 15.0.26730.16
MinimumVisualStudioVersion = 10.0.40219.1
Project("{8BC9CEB8-8B4A-11D0-8D11-00A0C91BC942}") = "Gomoku", "Gomoku\Gomoku.vcxproj", "{3718B8B7-BF97-48C2-95D7-81E7B6519221}"
EndProject
Global
	GlobalSection(SolutionConfigurationPlatforms) = preSolution
		Debug|x64 = Debug|x64
		Debug|x86 = Debug|x86
		Release|x64 = Release|x64
		Release|x86 = Release|x86
	EndGlobalSection
	GlobalSection(ProjectConfigurationPlatforms) = postSolution
		{3718B8B7-BF97-48C2-95D7-81E7B6519221}.Debug|x64.ActiveCfg = Debug|x64
		{3718B8B7-BF97-48C2-95D7-81E7B6519221}.Debug|x64.Build.0 = Debug|x64
		{3718B8B7-BF97-48C2-95D7-81E7B6519221}.Debug|x86.ActiveCfg = Debug|Win32
		{3718B8B7-BF97-48C2-95D7-81E7B6519221}.Debug|x86.Build.0 = Debug|Win32
		{3718B8B7-BF97-48C2-95D7-81E7B6519221}.Release|x64.ActiveCfg = Release|x64
		{3718B8B7-BF97-48C2-95D7-81E7B6519221}.Release|x64.Build.0 = Release|x64
		{3718B8B7-BF97-48C2-95D7-81E7B6519221}.Release|x86.ActiveCfg = Release|Win32
		{3718B8B7-BF97-48C2-95D7-81E7B6519221}.Release|x86.Build.0 = Release|Win32
	EndGlobalSection
	GlobalSection(SolutionProperties) = preSolution
		HideSolutionNode = FALSE
	EndGlobalSection
	GlobalSection(ExtensibilityGlobals) = postSolution
		SolutionGuid = {2ABC2380-8DFF-4ED3-B7F0-53C08D2F1C77}
	EndGlobalSection
EndGlobal
